
Microsoft Visual Studio Solution File, Format Version 12.00
# Visual Studio 15
VisualStudioVersion = 15.0.27130.2036
MinimumVisualStudioVersion = 10.0.40219.1
Project("{8BC9CEB8-8B4A-11D0-8D11-00A0C91BC942}") = "encrypt", "encrypt\encrypt.vcxproj", "{DE95BC9A-F94C-4411-82BA-CD883D0D00E1}"
EndProject
Project("{8BC9CEB8-8B4A-11D0-8D11-00A0C91BC942}") = "encryptTestApp", "encryptTestApp\encryptTestApp.vcxproj", "{D22D9AC3-0EB7-4E6B-82FF-988F05A1C08E}"
EndProject
Global
	GlobalSection(SolutionConfigurationPlatforms) = preSolution
		Debug|x64 = Debug|x64
		Debug|x86 = Debug|x86
		Release|x64 = Release|x64
		Release|x86 = Release|x86
	EndGlobalSection
	GlobalSection(ProjectConfigurationPlatforms) = postSolution
		{DE95BC9A-F94C-4411-82BA-CD883D0D00E1}.Debug|x64.ActiveCfg = Debug|x64
		{DE95BC9A-F94C-4411-82BA-CD883D0D00E1}.Debug|x64.Build.0 = Debug|x64
		{DE95BC9A-F94C-4411-82BA-CD883D0D00E1}.Debug|x86.ActiveCfg = Debug|Win32
		{DE95BC9A-F94C-4411-82BA-CD883D0D00E1}.Debug|x86.Build.0 = Debug|Win32
		{DE95BC9A-F94C-4411-82BA-CD883D0D00E1}.Release|x64.ActiveCfg = Release|x64
		{DE95BC9A-F94C-4411-82BA-CD883D0D00E1}.Release|x64.Build.0 = Release|x64
		{DE95BC9A-F94C-4411-82BA-CD883D0D00E1}.Release|x86.ActiveCfg = Release|Win32
		{DE95BC9A-F94C-4411-82BA-CD883D0D00E1}.Release|x86.Build.0 = Release|Win32
		{D22D9AC3-0EB7-4E6B-82FF-988F05A1C08E}.Debug|x64.ActiveCfg = Debug|x64
		{D22D9AC3-0EB7-4E6B-82FF-988F05A1C08E}.Debug|x64.Build.0 = Debug|x64
		{D22D9AC3-0EB7-4E6B-82FF-988F05A1C08E}.Debug|x86.ActiveCfg = Debug|Win32
		{D22D9AC3-0EB7-4E6B-82FF-988F05A1C08E}.Debug|x86.Build.0 = Debug|Win32
		{D22D9AC3-0EB7-4E6B-82FF-988F05A1C08E}.Release|x64.ActiveCfg = Release|x64
		{D22D9AC3-0EB7-4E6B-82FF-988F05A1C08E}.Release|x64.Build.0 = Release|x64
		{D22D9AC3-0EB7-4E6B-82FF-988F05A1C08E}.Release|x86.ActiveCfg = Release|Win32
		{D22D9AC3-0EB7-4E6B-82FF-988F05A1C08E}.Release|x86.Build.0 = Release|Win32
	EndGlobalSection
	GlobalSection(SolutionProperties) = preSolution
		HideSolutionNode = FALSE
	EndGlobalSection
	GlobalSection(ExtensibilityGlobals) = postSolution
		SolutionGuid = {D6897888-4E5A-4EB2-B493-8FE1E4C91C03}
	EndGlobalSection
EndGlobal
